
Microsoft Visual Studio Solution File, Format Version 12.00
# Visual Studio 2013
VisualStudioVersion = 12.0.31101.0
MinimumVisualStudioVersion = 10.0.40219.1
Project("{FAE04EC0-301F-11D3-BF4B-00C04F79EFBC}") = "Tutorials", "Tutorials\Tutorials.csproj", "{D8C47CB0-54D4-4449-B548-FB9B81F99433}"
EndProject
Project("{FAE04EC0-301F-11D3-BF4B-00C04F79EFBC}") = "GraphDataStructure", "GraphDataStructure\GraphDataStructure.csproj", "{D2B13E70-30EE-413E-A53C-25C5CB423DA5}"
EndProject
Project("{FAE04EC0-301F-11D3-BF4B-00C04F79EFBC}") = "TreeDataStructure", "TreeDataStructure\TreeDataStructure.csproj", "{E163C1DA-FC94-4AC5-AE7E-5DC4A5E96515}"
EndProject
Global
	GlobalSection(SolutionConfigurationPlatforms) = preSolution
		Debug|Any CPU = Debug|Any CPU
		Release|Any CPU = Release|Any CPU
	EndGlobalSection
	GlobalSection(ProjectConfigurationPlatforms) = postSolution
		{D8C47CB0-54D4-4449-B548-FB9B81F99433}.Debug|Any CPU.ActiveCfg = Debug|Any CPU
		{D8C47CB0-54D4-4449-B548-FB9B81F99433}.Debug|Any CPU.Build.0 = Debug|Any CPU
		{D8C47CB0-54D4-4449-B548-FB9B81F99433}.Release|Any CPU.ActiveCfg = Release|Any CPU
		{D8C47CB0-54D4-4449-B548-FB9B81F99433}.Release|Any CPU.Build.0 = Release|Any CPU
		{D2B13E70-30EE-413E-A53C-25C5CB423DA5}.Debug|Any CPU.ActiveCfg = Debug|Any CPU
		{D2B13E70-30EE-413E-A53C-25C5CB423DA5}.Debug|Any CPU.Build.0 = Debug|Any CPU
		{D2B13E70-30EE-413E-A53C-25C5CB423DA5}.Release|Any CPU.ActiveCfg = Release|Any CPU
		{D2B13E70-30EE-413E-A53C-25C5CB423DA5}.Release|Any CPU.Build.0 = Release|Any CPU
		{E163C1DA-FC94-4AC5-AE7E-5DC4A5E96515}.Debug|Any CPU.ActiveCfg = Debug|Any CPU
		{E163C1DA-FC94-4AC5-AE7E-5DC4A5E96515}.Debug|Any CPU.Build.0 = Debug|Any CPU
		{E163C1DA-FC94-4AC5-AE7E-5DC4A5E96515}.Release|Any CPU.ActiveCfg = Release|Any CPU
		{E163C1DA-FC94-4AC5-AE7E-5DC4A5E96515}.Release|Any CPU.Build.0 = Release|Any CPU
	EndGlobalSection
	GlobalSection(SolutionProperties) = preSolution
		HideSolutionNode = FALSE
	EndGlobalSection
EndGlobal
